{
  "name": "sxmp",
  "version": "1.0.0",
  "lockfileVersion": 2,
  "requires": true,
  "packages": {
    "": {
      "name": "sxmp",
      "version": "1.0.0",
      "license": "ISC",
      "dependencies": {
        "crypto-js": "^4.2.0",
        "js-md5": "^0.7.3",
        "pinia-plugin-persist": "^1.0.0",
        "pinia-plugin-persist-uni": "^1.3.1"
      }
    },
    "node_modules/@vue/devtools-api": {
      "version": "6.5.0",
      "resolved": "https://registry.npmmirror.com/@vue/devtools-api/-/devtools-api-6.5.0.tgz",
      "integrity": "sha512-o9KfBeaBmCKl10usN4crU53fYtC1r7jJwdGKjPT24t348rHxgfpZ0xL3Xm/gLUYnc0oTp8LAmrxOeLyu6tbk2Q==",
      "peer": true
    },
    "node_modules/crypto-js": {
      "version": "4.2.0",
      "resolved": "https://registry.npmjs.org/crypto-js/-/crypto-js-4.2.0.tgz",
      "integrity": "sha512-KALDyEYgpY+Rlob/iriUtjV6d5Eq+Y191A5g4UqLAi8CyGP9N1+FdVbkc1SxKc2r4YAYqG8JzO2KGL+AizD70Q=="
    },
    "node_modules/js-md5": {
      "version": "0.7.3",
      "resolved": "https://registry.npmjs.org/js-md5/-/js-md5-0.7.3.tgz",
      "integrity": "sha512-ZC41vPSTLKGwIRjqDh8DfXoCrdQIyBgspJVPXHBGu4nZlAEvG3nf+jO9avM9RmLiGakg7vz974ms99nEV0tmTQ=="
    },
    "node_modules/pinia": {
      "version": "2.0.29",
      "resolved": "https://registry.npmmirror.com/pinia/-/pinia-2.0.29.tgz",
      "integrity": "sha512-5z/KpFecq/cIgfeTnulJXldiLcTITRkTe3N58RKYSj0Pc1EdR6oyCdnf5A9jLoVwBqX5LtHhd0kGlpzWvk9oiQ==",
      "peer": true,
      "dependencies": {
        "@vue/devtools-api": "^6.4.5",
        "vue-demi": "*"
      },
      "peerDependencies": {
        "@vue/composition-api": "^1.4.0",
        "typescript": ">=4.4.4",
        "vue": "^2.6.14 || ^3.2.0"
      },
      "peerDependenciesMeta": {
        "@vue/composition-api": {
          "optional": true
        },
        "typescript": {
          "optional": true
        }
      }
    },
    "node_modules/pinia-plugin-persist": {
      "version": "1.0.0",
      "resolved": "https://registry.npmmirror.com/pinia-plugin-persist/-/pinia-plugin-persist-1.0.0.tgz",
      "integrity": "sha512-M4hBBd8fz/GgNmUPaaUsC29y1M09lqbXrMAHcusVoU8xlQi1TqgkWnnhvMikZwr7Le/hVyMx8KUcumGGrR6GVw==",
      "dependencies": {
        "vue-demi": "^0.12.1"
      },
      "peerDependencies": {
        "@vue/composition-api": "^1.0.0",
        "pinia": "^2.0.0",
        "vue": "^2.0.0 || >=3.0.0"
      },
      "peerDependenciesMeta": {
        "@vue/composition-api": {
          "optional": true
        }
      }
    },
    "node_modules/pinia-plugin-persist-uni": {
      "version": "1.3.1",
      "resolved": "https://registry.npmjs.org/pinia-plugin-persist-uni/-/pinia-plugin-persist-uni-1.3.1.tgz",
      "integrity": "sha512-E7HEj6Hy3ZZKXCDG7yKWQ7Dg99Ibtei2qssY6w8wlqVBl3X54xSydiju8kO7IYPHw8heYAPjPBAF8TGCTdvRGQ==",
      "dependencies": {
        "vue-demi": "^0.12.1"
      },
      "peerDependencies": {
        "@vue/composition-api": "^1.0.0",
        "pinia": "^2.0.0",
        "vue": "^2.0.0 || >=3.0.0"
      },
      "peerDependenciesMeta": {
        "@vue/composition-api": {
          "optional": true
        }
      }
    },
    "node_modules/pinia-plugin-persist-uni/node_modules/vue-demi": {
      "version": "0.12.5",
      "resolved": "https://registry.npmmirror.com/vue-demi/-/vue-demi-0.12.5.tgz",
      "integrity": "sha512-BREuTgTYlUr0zw0EZn3hnhC3I6gPWv+Kwh4MCih6QcAeaTlaIX0DwOVN0wHej7hSvDPecz4jygy/idsgKfW58Q==",
      "hasInstallScript": true,
      "bin": {
        "vue-demi-fix": "bin/vue-demi-fix.js",
        "vue-demi-switch": "bin/vue-demi-switch.js"
      },
      "engines": {
        "node": ">=12"
      },
      "peerDependencies": {
        "@vue/composition-api": "^1.0.0-rc.1",
        "vue": "^3.0.0-0 || ^2.6.0"
      },
      "peerDependenciesMeta": {
        "@vue/composition-api": {
          "optional": true
        }
      }
    },
    "node_modules/pinia-plugin-persist/node_modules/vue-demi": {
      "version": "0.12.5",
      "resolved": "https://registry.npmmirror.com/vue-demi/-/vue-demi-0.12.5.tgz",
      "integrity": "sha512-BREuTgTYlUr0zw0EZn3hnhC3I6gPWv+Kwh4MCih6QcAeaTlaIX0DwOVN0wHej7hSvDPecz4jygy/idsgKfW58Q==",
      "hasInstallScript": true,
      "bin": {
        "vue-demi-fix": "bin/vue-demi-fix.js",
        "vue-demi-switch": "bin/vue-demi-switch.js"
      },
      "engines": {
        "node": ">=12"
      },
      "peerDependencies": {
        "@vue/composition-api": "^1.0.0-rc.1",
        "vue": "^3.0.0-0 || ^2.6.0"
      },
      "peerDependenciesMeta": {
        "@vue/composition-api": {
          "optional": true
        }
      }
    },
    "node_modules/vue": {
      "version": "2.6.14",
      "resolved": "https://registry.npmmirror.com/vue/-/vue-2.6.14.tgz",
      "integrity": "sha512-x2284lgYvjOMj3Za7kqzRcUSxBboHqtgRE2zlos1qWaOye5yUmHn42LB1250NJBLRwEcdrB0JRwyPTEPhfQjiQ==",
      "peer": true
    },
    "node_modules/vue-demi": {
      "version": "0.13.11",
      "resolved": "https://registry.npmmirror.com/vue-demi/-/vue-demi-0.13.11.tgz",
      "integrity": "sha512-IR8HoEEGM65YY3ZJYAjMlKygDQn25D5ajNFNoKh9RSDMQtlzCxtfQjdQgv9jjK+m3377SsJXY8ysq8kLCZL25A==",
      "hasInstallScript": true,
      "peer": true,
      "bin": {
        "vue-demi-fix": "bin/vue-demi-fix.js",
        "vue-demi-switch": "bin/vue-demi-switch.js"
      },
      "engines": {
        "node": ">=12"
      },
      "peerDependencies": {
        "@vue/composition-api": "^1.0.0-rc.1",
        "vue": "^3.0.0-0 || ^2.6.0"
      },
      "peerDependenciesMeta": {
        "@vue/composition-api": {
          "optional": true
        }
      }
    }
  },
  "dependencies": {
    "@vue/devtools-api": {
      "version": "6.5.0",
      "resolved": "https://registry.npmmirror.com/@vue/devtools-api/-/devtools-api-6.5.0.tgz",
      "integrity": "sha512-o9KfBeaBmCKl10usN4crU53fYtC1r7jJwdGKjPT24t348rHxgfpZ0xL3Xm/gLUYnc0oTp8LAmrxOeLyu6tbk2Q==",
      "peer": true
    },
    "crypto-js": {
      "version": "4.2.0",
      "resolved": "https://registry.npmjs.org/crypto-js/-/crypto-js-4.2.0.tgz",
      "integrity": "sha512-KALDyEYgpY+Rlob/iriUtjV6d5Eq+Y191A5g4UqLAi8CyGP9N1+FdVbkc1SxKc2r4YAYqG8JzO2KGL+AizD70Q=="
    },
    "js-md5": {
      "version": "0.7.3",
      "resolved": "https://registry.npmjs.org/js-md5/-/js-md5-0.7.3.tgz",
      "integrity": "sha512-ZC41vPSTLKGwIRjqDh8DfXoCrdQIyBgspJVPXHBGu4nZlAEvG3nf+jO9avM9RmLiGakg7vz974ms99nEV0tmTQ=="
    },
    "pinia": {
      "version": "2.0.29",
      "resolved": "https://registry.npmmirror.com/pinia/-/pinia-2.0.29.tgz",
      "integrity": "sha512-5z/KpFecq/cIgfeTnulJXldiLcTITRkTe3N58RKYSj0Pc1EdR6oyCdnf5A9jLoVwBqX5LtHhd0kGlpzWvk9oiQ==",
      "peer": true,
      "requires": {
        "@vue/devtools-api": "^6.4.5",
        "vue-demi": "*"
      }
    },
    "pinia-plugin-persist": {
      "version": "1.0.0",
      "resolved": "https://registry.npmmirror.com/pinia-plugin-persist/-/pinia-plugin-persist-1.0.0.tgz",
      "integrity": "sha512-M4hBBd8fz/GgNmUPaaUsC29y1M09lqbXrMAHcusVoU8xlQi1TqgkWnnhvMikZwr7Le/hVyMx8KUcumGGrR6GVw==",
      "requires": {
        "vue-demi": "^0.12.1"
      },
      "dependencies": {
        "vue-demi": {
          "version": "0.12.5",
          "resolved": "https://registry.npmmirror.com/vue-demi/-/vue-demi-0.12.5.tgz",
          "integrity": "sha512-BREuTgTYlUr0zw0EZn3hnhC3I6gPWv+Kwh4MCih6QcAeaTlaIX0DwOVN0wHej7hSvDPecz4jygy/idsgKfW58Q==",
          "requires": {}
        }
      }
    },
    "pinia-plugin-persist-uni": {
      "version": "1.3.1",
      "resolved": "https://registry.npmjs.org/pinia-plugin-persist-uni/-/pinia-plugin-persist-uni-1.3.1.tgz",
      "integrity": "sha512-E7HEj6Hy3ZZKXCDG7yKWQ7Dg99Ibtei2qssY6w8wlqVBl3X54xSydiju8kO7IYPHw8heYAPjPBAF8TGCTdvRGQ==",
      "requires": {
        "vue-demi": "^0.12.1"
      },
      "dependencies": {
        "vue-demi": {
          "version": "0.12.5",
          "resolved": "https://registry.npmmirror.com/vue-demi/-/vue-demi-0.12.5.tgz",
          "integrity": "sha512-BREuTgTYlUr0zw0EZn3hnhC3I6gPWv+Kwh4MCih6QcAeaTlaIX0DwOVN0wHej7hSvDPecz4jygy/idsgKfW58Q==",
          "requires": {}
        }
      }
    },
    "vue": {
      "version": "2.6.14",
      "resolved": "https://registry.npmmirror.com/vue/-/vue-2.6.14.tgz",
      "integrity": "sha512-x2284lgYvjOMj3Za7kqzRcUSxBboHqtgRE2zlos1qWaOye5yUmHn42LB1250NJBLRwEcdrB0JRwyPTEPhfQjiQ==",
      "peer": true
    },
    "vue-demi": {
      "version": "0.13.11",
      "resolved": "https://registry.npmmirror.com/vue-demi/-/vue-demi-0.13.11.tgz",
      "integrity": "sha512-IR8HoEEGM65YY3ZJYAjMlKygDQn25D5ajNFNoKh9RSDMQtlzCxtfQjdQgv9jjK+m3377SsJXY8ysq8kLCZL25A==",
      "peer": true,
      "requires": {}
    }
  }
}
