{
  "name": "wxapi",
  "version": "1.0.0",
  "lockfileVersion": 1,
  "requires": true,
  "dependencies": {
    "crypto": {
      "version": "1.0.1",
      "resolved": "https://registry.npmmirror.com/crypto/-/crypto-1.0.1.tgz",
      "integrity": "sha512-VxBKmeNcqQdiUQUW2Tzq0t377b54N2bMtXO/qiLa+6eRRmmC4qT3D4OnTGoT/U6O9aklQ/jTwbOtRMTTY8G0Ig=="
    },
    "uni-config-center": {
      "version": "file:../../../../uni-config-center/uniCloud/cloudfunctions/common/uni-config-center"
    },
    "uni-id-common": {
      "version": "file:../../../../uni-id-common/uniCloud/cloudfunctions/common/uni-id-common",
      "requires": {
        "uni-config-center": "file:../../../../uni-config-center/uniCloud/cloudfunctions/common/uni-config-center"
      },
      "dependencies": {
        "uni-config-center": {
          "version": "file:../../../../uni-config-center/uniCloud/cloudfunctions/common/uni-config-center"
        }
      }
    },
    "uni-open-bridge-common": {
      "version": "file:../../../../uni-open-bridge-common/uniCloud/cloudfunctions/common/uni-open-bridge-common",
      "requires": {
        "uni-config-center": "file:../../../../uni-config-center/uniCloud/cloudfunctions/common/uni-config-center"
      },
      "dependencies": {
        "uni-config-center": {
          "version": "file:../../../../uni-config-center/uniCloud/cloudfunctions/common/uni-config-center"
        }
      }
    }
  }
}
